// !$*UTF8*$!
{
	archiveVersion = 1;
	classes = {
	};
	objectVersion = 56;
	objects = {

/* Begin PBXBuildFile section */
		27B19BF12926248400A7EDD6 /* main.cpp in Sources */ = {isa = PBXBuildFile; fileRef = 27B19BF02926248400A7EDD6 /* main.cpp */; };
		27B19BF82926249600A7EDD6 /* glad.c in Sources */ = {isa = PBXBuildFile; fileRef = 27B19BF72926249600A7EDD6 /* glad.c */; };
		27B19BFC292624F600A7EDD6 /* libassimp.5.2.4.dylib in Frameworks */ = {isa = PBXBuildFile; fileRef = 27B19BFA292624F600A7EDD6 /* libassimp.5.2.4.dylib */; };
		27B19BFD292624F600A7EDD6 /* libassimp.5.2.4.dylib in Embed Libraries */ = {isa = PBXBuildFile; fileRef = 27B19BFA292624F600A7EDD6 /* libassimp.5.2.4.dylib */; settings = {ATTRIBUTES = (CodeSignOnCopy, ); }; };
		27B19BFE292624F600A7EDD6 /* libglfw.3.dylib in Frameworks */ = {isa = PBXBuildFile; fileRef = 27B19BFB292624F600A7EDD6 /* libglfw.3.dylib */; };
		27B19BFF292624F600A7EDD6 /* libglfw.3.dylib in Embed Libraries */ = {isa = PBXBuildFile; fileRef = 27B19BFB292624F600A7EDD6 /* libglfw.3.dylib */; settings = {ATTRIBUTES = (CodeSignOnCopy, ); }; };
/* End PBXBuildFile section */

/* Begin PBXCopyFilesBuildPhase section */
		27B19BEB2926248400A7EDD6 /* CopyFiles */ = {
			isa = PBXCopyFilesBuildPhase;
			buildActionMask = 2147483647;
			dstPath = /usr/share/man/man1/;
			dstSubfolderSpec = 0;
			files = (
			);
			runOnlyForDeploymentPostprocessing = 1;
		};
		27B19C00292624F600A7EDD6 /* Embed Libraries */ = {
			isa = PBXCopyFilesBuildPhase;
			buildActionMask = 2147483647;
			dstPath = "";
			dstSubfolderSpec = 10;
			files = (
				27B19BFD292624F600A7EDD6 /* libassimp.5.2.4.dylib in Embed Libraries */,
				27B19BFF292624F600A7EDD6 /* libglfw.3.dylib in Embed Libraries */,
			);
			name = "Embed Libraries";
			runOnlyForDeploymentPostprocessing = 0;
		};
/* End PBXCopyFilesBuildPhase section */

/* Begin PBXFileReference section */
		27B19BED2926248400A7EDD6 /* bloom */ = {isa = PBXFileReference; explicitFileType = "compiled.mach-o.executable"; includeInIndex = 0; path = bloom; sourceTree = BUILT_PRODUCTS_DIR; };
		27B19BF02926248400A7EDD6 /* main.cpp */ = {isa = PBXFileReference; lastKnownFileType = sourcecode.cpp.cpp; path = main.cpp; sourceTree = "<group>"; };
		27B19BF72926249600A7EDD6 /* glad.c */ = {isa = PBXFileReference; fileEncoding = 4; lastKnownFileType = sourcecode.c.c; name = glad.c; path = ../../openGL_cpp/libs/glad.c; sourceTree = "<group>"; };
		27B19BFA292624F600A7EDD6 /* libassimp.5.2.4.dylib */ = {isa = PBXFileReference; lastKnownFileType = "compiled.mach-o.dylib"; name = libassimp.5.2.4.dylib; path = ../../openGL_cpp/libs/libassimp.5.2.4.dylib; sourceTree = "<group>"; };
		27B19BFB292624F600A7EDD6 /* libglfw.3.dylib */ = {isa = PBXFileReference; lastKnownFileType = "compiled.mach-o.dylib"; name = libglfw.3.dylib; path = ../../openGL_cpp/libs/libglfw.3.dylib; sourceTree = "<group>"; };
		27EF502C2927C56500A7EAE8 /* vShader.glsl */ = {isa = PBXFileReference; lastKnownFileType = text; path = vShader.glsl; sourceTree = "<group>"; };
		27EF502D2927C6E500A7EAE8 /* fShader.glsl */ = {isa = PBXFileReference; lastKnownFileType = text; path = fShader.glsl; sourceTree = "<group>"; };
		27EF502E2927CDEF00A7EAE8 /* fLightShader.glsl */ = {isa = PBXFileReference; lastKnownFileType = text; path = fLightShader.glsl; sourceTree = "<group>"; };
		27EF502F2927CEB700A7EAE8 /* vBlurShader.glsl */ = {isa = PBXFileReference; lastKnownFileType = text; path = vBlurShader.glsl; sourceTree = "<group>"; };
		27EF50302927CF3000A7EAE8 /* fBlurShader.glsl */ = {isa = PBXFileReference; lastKnownFileType = text; path = fBlurShader.glsl; sourceTree = "<group>"; };
		27EF5031292877E900A7EAE8 /* mixFShader.glsl */ = {isa = PBXFileReference; lastKnownFileType = text; path = mixFShader.glsl; sourceTree = "<group>"; };
/* End PBXFileReference section */

/* Begin PBXFrameworksBuildPhase section */
		27B19BEA2926248400A7EDD6 /* Frameworks */ = {
			isa = PBXFrameworksBuildPhase;
			buildActionMask = 2147483647;
			files = (
				27B19BFC292624F600A7EDD6 /* libassimp.5.2.4.dylib in Frameworks */,
				27B19BFE292624F600A7EDD6 /* libglfw.3.dylib in Frameworks */,
			);
			runOnlyForDeploymentPostprocessing = 0;
		};
/* End PBXFrameworksBuildPhase section */

/* Begin PBXGroup section */
		27B19BE42926248400A7EDD6 = {
			isa = PBXGroup;
			children = (
				27B19BF72926249600A7EDD6 /* glad.c */,
				27B19BEF2926248400A7EDD6 /* bloom */,
				27B19BEE2926248400A7EDD6 /* Products */,
				27B19BF9292624F600A7EDD6 /* Frameworks */,
			);
			sourceTree = "<group>";
		};
		27B19BEE2926248400A7EDD6 /* Products */ = {
			isa = PBXGroup;
			children = (
				27B19BED2926248400A7EDD6 /* bloom */,
			);
			name = Products;
			sourceTree = "<group>";
		};
		27B19BEF2926248400A7EDD6 /* bloom */ = {
			isa = PBXGroup;
			children = (
				27EF502B2927C55300A7EAE8 /* shaders */,
				27B19BF02926248400A7EDD6 /* main.cpp */,
			);
			path = bloom;
			sourceTree = "<group>";
		};
		27B19BF9292624F600A7EDD6 /* Frameworks */ = {
			isa = PBXGroup;
			children = (
				27B19BFA292624F600A7EDD6 /* libassimp.5.2.4.dylib */,
				27B19BFB292624F600A7EDD6 /* libglfw.3.dylib */,
			);
			name = Frameworks;
			sourceTree = "<group>";
		};
		27EF502B2927C55300A7EAE8 /* shaders */ = {
			isa = PBXGroup;
			children = (
				27EF502C2927C56500A7EAE8 /* vShader.glsl */,
				27EF502D2927C6E500A7EAE8 /* fShader.glsl */,
				27EF502E2927CDEF00A7EAE8 /* fLightShader.glsl */,
				27EF502F2927CEB700A7EAE8 /* vBlurShader.glsl */,
				27EF50302927CF3000A7EAE8 /* fBlurShader.glsl */,
				27EF5031292877E900A7EAE8 /* mixFShader.glsl */,
			);
			path = shaders;
			sourceTree = "<group>";
		};
/* End PBXGroup section */

/* Begin PBXNativeTarget section */
		27B19BEC2926248400A7EDD6 /* bloom */ = {
			isa = PBXNativeTarget;
			buildConfigurationList = 27B19BF42926248400A7EDD6 /* Build configuration list for PBXNativeTarget "bloom" */;
			buildPhases = (
				27B19BE92926248400A7EDD6 /* Sources */,
				27B19BEA2926248400A7EDD6 /* Frameworks */,
				27B19BEB2926248400A7EDD6 /* CopyFiles */,
				27B19C00292624F600A7EDD6 /* Embed Libraries */,
			);
			buildRules = (
			);
			dependencies = (
			);
			name = bloom;
			productName = bloom;
			productReference = 27B19BED2926248400A7EDD6 /* bloom */;
			productType = "com.apple.product-type.tool";
		};
/* End PBXNativeTarget section */

/* Begin PBXProject section */
		27B19BE52926248400A7EDD6 /* Project object */ = {
			isa = PBXProject;
			attributes = {
				BuildIndependentTargetsInParallel = 1;
				LastUpgradeCheck = 1400;
				TargetAttributes = {
					27B19BEC2926248400A7EDD6 = {
						CreatedOnToolsVersion = 14.0.1;
					};
				};
			};
			buildConfigurationList = 27B19BE82926248400A7EDD6 /* Build configuration list for PBXProject "bloom" */;
			compatibilityVersion = "Xcode 14.0";
			developmentRegion = en;
			hasScannedForEncodings = 0;
			knownRegions = (
				en,
				Base,
			);
			mainGroup = 27B19BE42926248400A7EDD6;
			productRefGroup = 27B19BEE2926248400A7EDD6 /* Products */;
			projectDirPath = "";
			projectRoot = "";
			targets = (
				27B19BEC2926248400A7EDD6 /* bloom */,
			);
		};
/* End PBXProject section */

/* Begin PBXSourcesBuildPhase section */
		27B19BE92926248400A7EDD6 /* Sources */ = {
			isa = PBXSourcesBuildPhase;
			buildActionMask = 2147483647;
			files = (
				27B19BF12926248400A7EDD6 /* main.cpp in Sources */,
				27B19BF82926249600A7EDD6 /* glad.c in Sources */,
			);
			runOnlyForDeploymentPostprocessing = 0;
		};
/* End PBXSourcesBuildPhase section */

/* Begin XCBuildConfiguration section */
		27B19BF22926248400A7EDD6 /* Debug */ = {
			isa = XCBuildConfiguration;
			buildSettings = {
				ALWAYS_SEARCH_USER_PATHS = NO;
				CLANG_ANALYZER_NONNULL = YES;
				CLANG_ANALYZER_NUMBER_OBJECT_CONVERSION = YES_AGGRESSIVE;
				CLANG_CXX_LANGUAGE_STANDARD = "gnu++20";
				CLANG_ENABLE_MODULES = YES;
				CLANG_ENABLE_OBJC_ARC = YES;
				CLANG_ENABLE_OBJC_WEAK = YES;
				CLANG_WARN_BLOCK_CAPTURE_AUTORELEASING = YES;
				CLANG_WARN_BOOL_CONVERSION = YES;
				CLANG_WARN_COMMA = YES;
				CLANG_WARN_CONSTANT_CONVERSION = YES;
				CLANG_WARN_DEPRECATED_OBJC_IMPLEMENTATIONS = YES;
				CLANG_WARN_DIRECT_OBJC_ISA_USAGE = YES_ERROR;
				CLANG_WARN_DOCUMENTATION_COMMENTS = YES;
				CLANG_WARN_EMPTY_BODY = YES;
				CLANG_WARN_ENUM_CONVERSION = YES;
				CLANG_WARN_INFINITE_RECURSION = YES;
				CLANG_WARN_INT_CONVERSION = YES;
				CLANG_WARN_NON_LITERAL_NULL_CONVERSION = YES;
				CLANG_WARN_OBJC_IMPLICIT_RETAIN_SELF = YES;
				CLANG_WARN_OBJC_LITERAL_CONVERSION = YES;
				CLANG_WARN_OBJC_ROOT_CLASS = YES_ERROR;
				CLANG_WARN_QUOTED_INCLUDE_IN_FRAMEWORK_HEADER = YES;
				CLANG_WARN_RANGE_LOOP_ANALYSIS = YES;
				CLANG_WARN_STRICT_PROTOTYPES = YES;
				CLANG_WARN_SUSPICIOUS_MOVE = YES;
				CLANG_WARN_UNGUARDED_AVAILABILITY = YES_AGGRESSIVE;
				CLANG_WARN_UNREACHABLE_CODE = YES;
				CLANG_WARN__DUPLICATE_METHOD_MATCH = YES;
				COPY_PHASE_STRIP = NO;
				DEBUG_INFORMATION_FORMAT = dwarf;
				ENABLE_STRICT_OBJC_MSGSEND = YES;
				ENABLE_TESTABILITY = YES;
				GCC_C_LANGUAGE_STANDARD = gnu11;
				GCC_DYNAMIC_NO_PIC = NO;
				GCC_NO_COMMON_BLOCKS = YES;
				GCC_OPTIMIZATION_LEVEL = 0;
				GCC_PREPROCESSOR_DEFINITIONS = (
					"DEBUG=1",
					"$(inherited)",
				);
				GCC_WARN_64_TO_32_BIT_CONVERSION = YES;
				GCC_WARN_ABOUT_RETURN_TYPE = YES_ERROR;
				GCC_WARN_UNDECLARED_SELECTOR = YES;
				GCC_WARN_UNINITIALIZED_AUTOS = YES_AGGRESSIVE;
				GCC_WARN_UNUSED_FUNCTION = YES;
				GCC_WARN_UNUSED_VARIABLE = YES;
				MACOSX_DEPLOYMENT_TARGET = 12.3;
				MTL_ENABLE_DEBUG_INFO = INCLUDE_SOURCE;
				MTL_FAST_MATH = YES;
				ONLY_ACTIVE_ARCH = YES;
				SDKROOT = macosx;
			};
			name = Debug;
		};
		27B19BF32926248400A7EDD6 /* Release */ = {
			isa = XCBuildConfiguration;
			buildSettings = {
				ALWAYS_SEARCH_USER_PATHS = NO;
				CLANG_ANALYZER_NONNULL = YES;
				CLANG_ANALYZER_NUMBER_OBJECT_CONVERSION = YES_AGGRESSIVE;
				CLANG_CXX_LANGUAGE_STANDARD = "gnu++20";
				CLANG_ENABLE_MODULES = YES;
				CLANG_ENABLE_OBJC_ARC = YES;
				CLANG_ENABLE_OBJC_WEAK = YES;
				CLANG_WARN_BLOCK_CAPTURE_AUTORELEASING = YES;
				CLANG_WARN_BOOL_CONVERSION = YES;
				CLANG_WARN_COMMA = YES;
				CLANG_WARN_CONSTANT_CONVERSION = YES;
				CLANG_WARN_DEPRECATED_OBJC_IMPLEMENTATIONS = YES;
				CLANG_WARN_DIRECT_OBJC_ISA_USAGE = YES_ERROR;
				CLANG_WARN_DOCUMENTATION_COMMENTS = YES;
				CLANG_WARN_EMPTY_BODY = YES;
				CLANG_WARN_ENUM_CONVERSION = YES;
				CLANG_WARN_INFINITE_RECURSION = YES;
				CLANG_WARN_INT_CONVERSION = YES;
				CLANG_WARN_NON_LITERAL_NULL_CONVERSION = YES;
				CLANG_WARN_OBJC_IMPLICIT_RETAIN_SELF = YES;
				CLANG_WARN_OBJC_LITERAL_CONVERSION = YES;
				CLANG_WARN_OBJC_ROOT_CLASS = YES_ERROR;
				CLANG_WARN_QUOTED_INCLUDE_IN_FRAMEWORK_HEADER = YES;
				CLANG_WARN_RANGE_LOOP_ANALYSIS = YES;
				CLANG_WARN_STRICT_PROTOTYPES = YES;
				CLANG_WARN_SUSPICIOUS_MOVE = YES;
				CLANG_WARN_UNGUARDED_AVAILABILITY = YES_AGGRESSIVE;
				CLANG_WARN_UNREACHABLE_CODE = YES;
				CLANG_WARN__DUPLICATE_METHOD_MATCH = YES;
				COPY_PHASE_STRIP = NO;
				DEBUG_INFORMATION_FORMAT = "dwarf-with-dsym";
				ENABLE_NS_ASSERTIONS = NO;
				ENABLE_STRICT_OBJC_MSGSEND = YES;
				GCC_C_LANGUAGE_STANDARD = gnu11;
				GCC_NO_COMMON_BLOCKS = YES;
				GCC_WARN_64_TO_32_BIT_CONVERSION = YES;
				GCC_WARN_ABOUT_RETURN_TYPE = YES_ERROR;
				GCC_WARN_UNDECLARED_SELECTOR = YES;
				GCC_WARN_UNINITIALIZED_AUTOS = YES_AGGRESSIVE;
				GCC_WARN_UNUSED_FUNCTION = YES;
				GCC_WARN_UNUSED_VARIABLE = YES;
				MACOSX_DEPLOYMENT_TARGET = 12.3;
				MTL_ENABLE_DEBUG_INFO = NO;
				MTL_FAST_MATH = YES;
				SDKROOT = macosx;
			};
			name = Release;
		};
		27B19BF52926248400A7EDD6 /* Debug */ = {
			isa = XCBuildConfiguration;
			buildSettings = {
				CODE_SIGN_STYLE = Automatic;
				HEADER_SEARCH_PATHS = /Users/j10j0/Desktop/openGL_cpp/include;
				LIBRARY_SEARCH_PATHS = /Users/j10j0/Desktop/openGL_cpp/libs;
				PRODUCT_NAME = "$(TARGET_NAME)";
			};
			name = Debug;
		};
		27B19BF62926248400A7EDD6 /* Release */ = {
			isa = XCBuildConfiguration;
			buildSettings = {
				CODE_SIGN_STYLE = Automatic;
				HEADER_SEARCH_PATHS = /Users/j10j0/Desktop/openGL_cpp/include;
				LIBRARY_SEARCH_PATHS = /Users/j10j0/Desktop/openGL_cpp/libs;
				PRODUCT_NAME = "$(TARGET_NAME)";
			};
			name = Release;
		};
/* End XCBuildConfiguration section */

/* Begin XCConfigurationList section */
		27B19BE82926248400A7EDD6 /* Build configuration list for PBXProject "bloom" */ = {
			isa = XCConfigurationList;
			buildConfigurations = (
				27B19BF22926248400A7EDD6 /* Debug */,
				27B19BF32926248400A7EDD6 /* Release */,
			);
			defaultConfigurationIsVisible = 0;
			defaultConfigurationName = Release;
		};
		27B19BF42926248400A7EDD6 /* Build configuration list for PBXNativeTarget "bloom" */ = {
			isa = XCConfigurationList;
			buildConfigurations = (
				27B19BF52926248400A7EDD6 /* Debug */,
				27B19BF62926248400A7EDD6 /* Release */,
			);
			defaultConfigurationIsVisible = 0;
			defaultConfigurationName = Release;
		};
/* End XCConfigurationList section */
	};
	rootObject = 27B19BE52926248400A7EDD6 /* Project object */;
}
